
Microsoft Visual Studio Solution File, Format Version 12.00
# Visual Studio Version 17
VisualStudioVersion = 17.11.34929.205
MinimumVisualStudioVersion = 10.0.40219.1
Project("{FAE04EC0-301F-11D3-BF4B-00C04F79EFBC}") = "RCZweipolGUI", "RCZweipolGUI.csproj", "{DCBFB427-D968-4BCA-82EC-93A7835B3733}"
EndProject
Global
	GlobalSection(SolutionConfigurationPlatforms) = preSolution
		Debug|Any CPU = Debug|Any CPU
		Release|Any CPU = Release|Any CPU
	EndGlobalSection
	GlobalSection(ProjectConfigurationPlatforms) = postSolution
		{DCBFB427-D968-4BCA-82EC-93A7835B3733}.Debug|Any CPU.ActiveCfg = Debug|Any CPU
		{DCBFB427-D968-4BCA-82EC-93A7835B3733}.Debug|Any CPU.Build.0 = Debug|Any CPU
		{DCBFB427-D968-4BCA-82EC-93A7835B3733}.Release|Any CPU.ActiveCfg = Release|Any CPU
		{DCBFB427-D968-4BCA-82EC-93A7835B3733}.Release|Any CPU.Build.0 = Release|Any CPU
	EndGlobalSection
	GlobalSection(SolutionProperties) = preSolution
		HideSolutionNode = FALSE
	EndGlobalSection
	GlobalSection(ExtensibilityGlobals) = postSolution
		SolutionGuid = {48F216E6-395A-44DE-9F9C-2EC79B2299B4}
	EndGlobalSection
EndGlobal
